
Microsoft Visual Studio Solution File, Format Version 12.00
# Visual Studio Version 16
VisualStudioVersion = 16.0.30128.74
MinimumVisualStudioVersion = 10.0.40219.1
Project("{8BC9CEB8-8B4A-11D0-8D11-00A0C91BC942}") = "Sandbox", "Sandbox\Sandbox.vcxproj", "{E51F64A0-5D84-4CA9-83E5-A88295F98D90}"
EndProject
Project("{8BC9CEB8-8B4A-11D0-8D11-00A0C91BC942}") = "MadsGameEngine", "MadsGameEngine\MadsGameEngine.vcxproj", "{9894E52C-7FEA-4C77-9A19-106DE7B95EC7}"
EndProject
Global
	GlobalSection(SolutionConfigurationPlatforms) = preSolution
		Debug|x64 = Debug|x64
		Release|x64 = Release|x64
	EndGlobalSection
	GlobalSection(ProjectConfigurationPlatforms) = postSolution
		{E51F64A0-5D84-4CA9-83E5-A88295F98D90}.Debug|x64.ActiveCfg = Debug|x64
		{E51F64A0-5D84-4CA9-83E5-A88295F98D90}.Debug|x64.Build.0 = Debug|x64
		{E51F64A0-5D84-4CA9-83E5-A88295F98D90}.Release|x64.ActiveCfg = Release|x64
		{E51F64A0-5D84-4CA9-83E5-A88295F98D90}.Release|x64.Build.0 = Release|x64
		{9894E52C-7FEA-4C77-9A19-106DE7B95EC7}.Debug|x64.ActiveCfg = Debug|x64
		{9894E52C-7FEA-4C77-9A19-106DE7B95EC7}.Debug|x64.Build.0 = Debug|x64
		{9894E52C-7FEA-4C77-9A19-106DE7B95EC7}.Release|x64.ActiveCfg = Release|x64
		{9894E52C-7FEA-4C77-9A19-106DE7B95EC7}.Release|x64.Build.0 = Release|x64
	EndGlobalSection
	GlobalSection(SolutionProperties) = preSolution
		HideSolutionNode = FALSE
	EndGlobalSection
	GlobalSection(ExtensibilityGlobals) = postSolution
		SolutionGuid = {29A1CC32-B340-44E8-AC94-AA93DE28E237}
	EndGlobalSection
EndGlobal
